
Microsoft Visual Studio Solution File, Format Version 12.00
# Visual Studio 15
VisualStudioVersion = 15.0.27703.2000
MinimumVisualStudioVersion = 10.0.40219.1
Project("{FAE04EC0-301F-11D3-BF4B-00C04F79EFBC}") = "ConsoleApp_2", "ConsoleApp_2\ConsoleApp_2.csproj", "{5BCBD286-1819-4B8B-B85C-3ED0DDE01443}"
EndProject
Project("{FAE04EC0-301F-11D3-BF4B-00C04F79EFBC}") = "UnitTestProject_for_ConsoleApp2", "UnitTestProject_for_ConsoleApp2\UnitTestProject_for_ConsoleApp2.csproj", "{6D1D9117-DDFA-46D4-93D9-AAF2AABF07AF}"
EndProject
Global
	GlobalSection(SolutionConfigurationPlatforms) = preSolution
		Debug|Any CPU = Debug|Any CPU
		Release|Any CPU = Release|Any CPU
	EndGlobalSection
	GlobalSection(ProjectConfigurationPlatforms) = postSolution
		{5BCBD286-1819-4B8B-B85C-3ED0DDE01443}.Debug|Any CPU.ActiveCfg = Debug|Any CPU
		{5BCBD286-1819-4B8B-B85C-3ED0DDE01443}.Debug|Any CPU.Build.0 = Debug|Any CPU
		{5BCBD286-1819-4B8B-B85C-3ED0DDE01443}.Release|Any CPU.ActiveCfg = Release|Any CPU
		{5BCBD286-1819-4B8B-B85C-3ED0DDE01443}.Release|Any CPU.Build.0 = Release|Any CPU
		{6D1D9117-DDFA-46D4-93D9-AAF2AABF07AF}.Debug|Any CPU.ActiveCfg = Debug|Any CPU
		{6D1D9117-DDFA-46D4-93D9-AAF2AABF07AF}.Debug|Any CPU.Build.0 = Debug|Any CPU
		{6D1D9117-DDFA-46D4-93D9-AAF2AABF07AF}.Release|Any CPU.ActiveCfg = Release|Any CPU
		{6D1D9117-DDFA-46D4-93D9-AAF2AABF07AF}.Release|Any CPU.Build.0 = Release|Any CPU
	EndGlobalSection
	GlobalSection(SolutionProperties) = preSolution
		HideSolutionNode = FALSE
	EndGlobalSection
	GlobalSection(ExtensibilityGlobals) = postSolution
		SolutionGuid = {88520744-9178-49F3-BAC3-AFAC934753FA}
	EndGlobalSection
EndGlobal
