
Microsoft Visual Studio Solution File, Format Version 12.00
# Visual Studio 15
VisualStudioVersion = 15.0.28307.757
MinimumVisualStudioVersion = 10.0.40219.1
Project("{FAE04EC0-301F-11D3-BF4B-00C04F79EFBC}") = "Sintu", "Sintu\Sintu.csproj", "{2342D27E-2D9F-4B41-A1D7-2B57C77F8FFC}"
EndProject
Project("{FAE04EC0-301F-11D3-BF4B-00C04F79EFBC}") = "UnitTestProject1", "UnitTestProject1\UnitTestProject1.csproj", "{643ED319-1E79-462D-AF8F-CBFAC7B497B9}"
EndProject
Global
	GlobalSection(SolutionConfigurationPlatforms) = preSolution
		Debug|Any CPU = Debug|Any CPU
		Release|Any CPU = Release|Any CPU
	EndGlobalSection
	GlobalSection(ProjectConfigurationPlatforms) = postSolution
		{2342D27E-2D9F-4B41-A1D7-2B57C77F8FFC}.Debug|Any CPU.ActiveCfg = Debug|Any CPU
		{2342D27E-2D9F-4B41-A1D7-2B57C77F8FFC}.Debug|Any CPU.Build.0 = Debug|Any CPU
		{2342D27E-2D9F-4B41-A1D7-2B57C77F8FFC}.Release|Any CPU.ActiveCfg = Release|Any CPU
		{2342D27E-2D9F-4B41-A1D7-2B57C77F8FFC}.Release|Any CPU.Build.0 = Release|Any CPU
		{643ED319-1E79-462D-AF8F-CBFAC7B497B9}.Debug|Any CPU.ActiveCfg = Debug|Any CPU
		{643ED319-1E79-462D-AF8F-CBFAC7B497B9}.Debug|Any CPU.Build.0 = Debug|Any CPU
		{643ED319-1E79-462D-AF8F-CBFAC7B497B9}.Release|Any CPU.ActiveCfg = Release|Any CPU
		{643ED319-1E79-462D-AF8F-CBFAC7B497B9}.Release|Any CPU.Build.0 = Release|Any CPU
	EndGlobalSection
	GlobalSection(SolutionProperties) = preSolution
		HideSolutionNode = FALSE
	EndGlobalSection
	GlobalSection(ExtensibilityGlobals) = postSolution
		SolutionGuid = {913463B3-97A5-4857-8568-E6543EEF4418}
	EndGlobalSection
EndGlobal
