
Microsoft Visual Studio Solution File, Format Version 12.00
# Visual Studio 15
VisualStudioVersion = 15.0.27703.2000
MinimumVisualStudioVersion = 10.0.40219.1
Project("{FAE04EC0-301F-11D3-BF4B-00C04F79EFBC}") = "WebApplication1", "WebApplication1\WebApplication1.csproj", "{1E22B2D7-8C04-4BC4-AD11-D8A32AB0874A}"
EndProject
Project("{FAE04EC0-301F-11D3-BF4B-00C04F79EFBC}") = "WebApplication1.Tests", "WebApplication1.Tests\WebApplication1.Tests.csproj", "{6880B9AC-B627-42D5-B587-759C28972C73}"
EndProject
Project("{FAE04EC0-301F-11D3-BF4B-00C04F79EFBC}") = "Demo_project", "Demo_project\Demo_project.csproj", "{7AADB98F-630D-4401-96C6-393D7DF425EF}"
EndProject
Project("{FAE04EC0-301F-11D3-BF4B-00C04F79EFBC}") = "NUnitTestProject1", "NUnitTestProject1\NUnitTestProject1.csproj", "{FD0A40DF-F385-4A99-B121-583593B867AE}"
EndProject
Global
	GlobalSection(SolutionConfigurationPlatforms) = preSolution
		Debug|Any CPU = Debug|Any CPU
		Release|Any CPU = Release|Any CPU
	EndGlobalSection
	GlobalSection(ProjectConfigurationPlatforms) = postSolution
		{1E22B2D7-8C04-4BC4-AD11-D8A32AB0874A}.Debug|Any CPU.ActiveCfg = Debug|Any CPU
		{1E22B2D7-8C04-4BC4-AD11-D8A32AB0874A}.Debug|Any CPU.Build.0 = Debug|Any CPU
		{1E22B2D7-8C04-4BC4-AD11-D8A32AB0874A}.Release|Any CPU.ActiveCfg = Release|Any CPU
		{1E22B2D7-8C04-4BC4-AD11-D8A32AB0874A}.Release|Any CPU.Build.0 = Release|Any CPU
		{6880B9AC-B627-42D5-B587-759C28972C73}.Debug|Any CPU.ActiveCfg = Debug|Any CPU
		{6880B9AC-B627-42D5-B587-759C28972C73}.Debug|Any CPU.Build.0 = Debug|Any CPU
		{6880B9AC-B627-42D5-B587-759C28972C73}.Release|Any CPU.ActiveCfg = Release|Any CPU
		{6880B9AC-B627-42D5-B587-759C28972C73}.Release|Any CPU.Build.0 = Release|Any CPU
		{7AADB98F-630D-4401-96C6-393D7DF425EF}.Debug|Any CPU.ActiveCfg = Debug|Any CPU
		{7AADB98F-630D-4401-96C6-393D7DF425EF}.Debug|Any CPU.Build.0 = Debug|Any CPU
		{7AADB98F-630D-4401-96C6-393D7DF425EF}.Release|Any CPU.ActiveCfg = Release|Any CPU
		{7AADB98F-630D-4401-96C6-393D7DF425EF}.Release|Any CPU.Build.0 = Release|Any CPU
		{FD0A40DF-F385-4A99-B121-583593B867AE}.Debug|Any CPU.ActiveCfg = Debug|Any CPU
		{FD0A40DF-F385-4A99-B121-583593B867AE}.Debug|Any CPU.Build.0 = Debug|Any CPU
		{FD0A40DF-F385-4A99-B121-583593B867AE}.Release|Any CPU.ActiveCfg = Release|Any CPU
		{FD0A40DF-F385-4A99-B121-583593B867AE}.Release|Any CPU.Build.0 = Release|Any CPU
	EndGlobalSection
	GlobalSection(SolutionProperties) = preSolution
		HideSolutionNode = FALSE
	EndGlobalSection
	GlobalSection(ExtensibilityGlobals) = postSolution
		SolutionGuid = {11D7EF52-1BC7-4E8F-9584-34B9E6CE7099}
	EndGlobalSection
EndGlobal
