
Microsoft Visual Studio Solution File, Format Version 12.00
# Visual Studio 15
VisualStudioVersion = 15.0.28307.757
MinimumVisualStudioVersion = 10.0.40219.1
Project("{FAE04EC0-301F-11D3-BF4B-00C04F79EFBC}") = "Demo_Hooks", "Demo_Hooks\Demo_Hooks.csproj", "{6C681EF4-875F-4197-B05B-B538FAF5E639}"
EndProject
Project("{FAE04EC0-301F-11D3-BF4B-00C04F79EFBC}") = "UnitTestProject1_for_Multip", "UnitTestProject1_for_Multip\UnitTestProject1_for_Multip.csproj", "{1C665555-5D78-4335-B4E7-A93B7D60C7ED}"
EndProject
Global
	GlobalSection(SolutionConfigurationPlatforms) = preSolution
		Debug|Any CPU = Debug|Any CPU
		Release|Any CPU = Release|Any CPU
	EndGlobalSection
	GlobalSection(ProjectConfigurationPlatforms) = postSolution
		{6C681EF4-875F-4197-B05B-B538FAF5E639}.Debug|Any CPU.ActiveCfg = Debug|Any CPU
		{6C681EF4-875F-4197-B05B-B538FAF5E639}.Debug|Any CPU.Build.0 = Debug|Any CPU
		{6C681EF4-875F-4197-B05B-B538FAF5E639}.Release|Any CPU.ActiveCfg = Release|Any CPU
		{6C681EF4-875F-4197-B05B-B538FAF5E639}.Release|Any CPU.Build.0 = Release|Any CPU
		{1C665555-5D78-4335-B4E7-A93B7D60C7ED}.Debug|Any CPU.ActiveCfg = Debug|Any CPU
		{1C665555-5D78-4335-B4E7-A93B7D60C7ED}.Debug|Any CPU.Build.0 = Debug|Any CPU
		{1C665555-5D78-4335-B4E7-A93B7D60C7ED}.Release|Any CPU.ActiveCfg = Release|Any CPU
		{1C665555-5D78-4335-B4E7-A93B7D60C7ED}.Release|Any CPU.Build.0 = Release|Any CPU
	EndGlobalSection
	GlobalSection(SolutionProperties) = preSolution
		HideSolutionNode = FALSE
	EndGlobalSection
	GlobalSection(ExtensibilityGlobals) = postSolution
		SolutionGuid = {9AA25DF6-55FB-4A6A-AB89-3538F9BE94A4}
	EndGlobalSection
EndGlobal
