
Microsoft Visual Studio Solution File, Format Version 12.00
# Visual Studio 15
VisualStudioVersion = 15.0.28307.757
MinimumVisualStudioVersion = 10.0.40219.1
Project("{FAE04EC0-301F-11D3-BF4B-00C04F79EFBC}") = "ConsoleA", "ConsoleA\ConsoleA.csproj", "{8017923A-AA3C-4740-95FA-DBB4530E049B}"
EndProject
Project("{FAE04EC0-301F-11D3-BF4B-00C04F79EFBC}") = "UnitTestProject1_for", "UnitTestProject1_for\UnitTestProject1_for.csproj", "{E0554244-ACE1-408C-AC6C-63B20EAF8AB2}"
EndProject
Global
	GlobalSection(SolutionConfigurationPlatforms) = preSolution
		Debug|Any CPU = Debug|Any CPU
		Release|Any CPU = Release|Any CPU
	EndGlobalSection
	GlobalSection(ProjectConfigurationPlatforms) = postSolution
		{8017923A-AA3C-4740-95FA-DBB4530E049B}.Debug|Any CPU.ActiveCfg = Debug|Any CPU
		{8017923A-AA3C-4740-95FA-DBB4530E049B}.Debug|Any CPU.Build.0 = Debug|Any CPU
		{8017923A-AA3C-4740-95FA-DBB4530E049B}.Release|Any CPU.ActiveCfg = Release|Any CPU
		{8017923A-AA3C-4740-95FA-DBB4530E049B}.Release|Any CPU.Build.0 = Release|Any CPU
		{E0554244-ACE1-408C-AC6C-63B20EAF8AB2}.Debug|Any CPU.ActiveCfg = Debug|Any CPU
		{E0554244-ACE1-408C-AC6C-63B20EAF8AB2}.Debug|Any CPU.Build.0 = Debug|Any CPU
		{E0554244-ACE1-408C-AC6C-63B20EAF8AB2}.Release|Any CPU.ActiveCfg = Release|Any CPU
		{E0554244-ACE1-408C-AC6C-63B20EAF8AB2}.Release|Any CPU.Build.0 = Release|Any CPU
	EndGlobalSection
	GlobalSection(SolutionProperties) = preSolution
		HideSolutionNode = FALSE
	EndGlobalSection
	GlobalSection(ExtensibilityGlobals) = postSolution
		SolutionGuid = {EF812258-4316-463D-80D2-30AE7C6C8010}
	EndGlobalSection
EndGlobal
