
Microsoft Visual Studio Solution File, Format Version 12.00
# Visual Studio 15
VisualStudioVersion = 15.0.28307.757
MinimumVisualStudioVersion = 10.0.40219.1
Project("{FAE04EC0-301F-11D3-BF4B-00C04F79EFBC}") = "Demo_Project", "Demo_Project\Demo_Project.csproj", "{3EBCEDD9-529A-49FF-83AF-EA2E6038A12B}"
EndProject
Project("{FAE04EC0-301F-11D3-BF4B-00C04F79EFBC}") = "NUnitTestProject1", "NUnitTestProject1\NUnitTestProject1.csproj", "{CDA289F0-C866-4CE0-947D-19F54C89697D}"
EndProject
Global
	GlobalSection(SolutionConfigurationPlatforms) = preSolution
		Debug|Any CPU = Debug|Any CPU
		Release|Any CPU = Release|Any CPU
	EndGlobalSection
	GlobalSection(ProjectConfigurationPlatforms) = postSolution
		{3EBCEDD9-529A-49FF-83AF-EA2E6038A12B}.Debug|Any CPU.ActiveCfg = Debug|Any CPU
		{3EBCEDD9-529A-49FF-83AF-EA2E6038A12B}.Debug|Any CPU.Build.0 = Debug|Any CPU
		{3EBCEDD9-529A-49FF-83AF-EA2E6038A12B}.Release|Any CPU.ActiveCfg = Release|Any CPU
		{3EBCEDD9-529A-49FF-83AF-EA2E6038A12B}.Release|Any CPU.Build.0 = Release|Any CPU
		{CDA289F0-C866-4CE0-947D-19F54C89697D}.Debug|Any CPU.ActiveCfg = Debug|Any CPU
		{CDA289F0-C866-4CE0-947D-19F54C89697D}.Debug|Any CPU.Build.0 = Debug|Any CPU
		{CDA289F0-C866-4CE0-947D-19F54C89697D}.Release|Any CPU.ActiveCfg = Release|Any CPU
		{CDA289F0-C866-4CE0-947D-19F54C89697D}.Release|Any CPU.Build.0 = Release|Any CPU
	EndGlobalSection
	GlobalSection(SolutionProperties) = preSolution
		HideSolutionNode = FALSE
	EndGlobalSection
	GlobalSection(ExtensibilityGlobals) = postSolution
		SolutionGuid = {10477DC3-DA97-48E4-B90E-A4D48A66BA53}
	EndGlobalSection
EndGlobal
